
Microsoft Visual Studio Solution File, Format Version 12.00
# Visual Studio Version 17
VisualStudioVersion = 17.2.32519.379
MinimumVisualStudioVersion = 10.0.40219.1
Project("{FAE04EC0-301F-11D3-BF4B-00C04F79EFBC}") = "Cap_Presentacion", "Cap_Presentacion\Cap_Presentacion.csproj", "{F983C52D-4891-4C56-8C71-0886B027253A}"
EndProject
Project("{FAE04EC0-301F-11D3-BF4B-00C04F79EFBC}") = "Cap_Negocios", "Cap_Negocios\Cap_Negocios.csproj", "{754CE37B-2305-4FDD-9593-978082F1812B}"
EndProject
Project("{FAE04EC0-301F-11D3-BF4B-00C04F79EFBC}") = "Cap_Datos", "Cap_Datos\Cap_Datos.csproj", "{AEE437CB-834D-4971-8F06-6391D645A735}"
EndProject
Global
	GlobalSection(SolutionConfigurationPlatforms) = preSolution
		Debug|Any CPU = Debug|Any CPU
		Release|Any CPU = Release|Any CPU
	EndGlobalSection
	GlobalSection(ProjectConfigurationPlatforms) = postSolution
		{F983C52D-4891-4C56-8C71-0886B027253A}.Debug|Any CPU.ActiveCfg = Debug|Any CPU
		{F983C52D-4891-4C56-8C71-0886B027253A}.Debug|Any CPU.Build.0 = Debug|Any CPU
		{F983C52D-4891-4C56-8C71-0886B027253A}.Release|Any CPU.ActiveCfg = Release|Any CPU
		{F983C52D-4891-4C56-8C71-0886B027253A}.Release|Any CPU.Build.0 = Release|Any CPU
		{754CE37B-2305-4FDD-9593-978082F1812B}.Debug|Any CPU.ActiveCfg = Debug|Any CPU
		{754CE37B-2305-4FDD-9593-978082F1812B}.Debug|Any CPU.Build.0 = Debug|Any CPU
		{754CE37B-2305-4FDD-9593-978082F1812B}.Release|Any CPU.ActiveCfg = Release|Any CPU
		{754CE37B-2305-4FDD-9593-978082F1812B}.Release|Any CPU.Build.0 = Release|Any CPU
		{AEE437CB-834D-4971-8F06-6391D645A735}.Debug|Any CPU.ActiveCfg = Debug|Any CPU
		{AEE437CB-834D-4971-8F06-6391D645A735}.Debug|Any CPU.Build.0 = Debug|Any CPU
		{AEE437CB-834D-4971-8F06-6391D645A735}.Release|Any CPU.ActiveCfg = Release|Any CPU
		{AEE437CB-834D-4971-8F06-6391D645A735}.Release|Any CPU.Build.0 = Release|Any CPU
	EndGlobalSection
	GlobalSection(SolutionProperties) = preSolution
		HideSolutionNode = FALSE
	EndGlobalSection
	GlobalSection(ExtensibilityGlobals) = postSolution
		SolutionGuid = {C1D5E7E9-8ECC-4ED8-98B4-09FAB5901012}
	EndGlobalSection
EndGlobal
